
Microsoft Visual Studio Solution File, Format Version 12.00
# Visual Studio 15
VisualStudioVersion = 15.0.28010.2016
MinimumVisualStudioVersion = 10.0.40219.1
Project("{2150E333-8FDC-42A3-9474-1A3956D46DE8}") = "API", "API", "{613C719E-ED41-4D15-91DE-96125F525F45}"
EndProject
Project("{2150E333-8FDC-42A3-9474-1A3956D46DE8}") = "Domain", "Domain", "{A26E2707-80C4-4F62-ADA4-EE8EC7D558FD}"
EndProject
Project("{2150E333-8FDC-42A3-9474-1A3956D46DE8}") = "Infrasctructure", "Infrasctructure", "{4D2EB68F-B1B8-4ABD-9C85-250A9B26D823}"
EndProject
Project("{2150E333-8FDC-42A3-9474-1A3956D46DE8}") = "Service", "Service", "{508D49D9-4F33-4036-AB3F-8EBCF00A7E93}"
EndProject
Project("{2150E333-8FDC-42A3-9474-1A3956D46DE8}") = "Business", "Business", "{69F204AC-B836-43F8-B4C0-15F6B13FDA53}"
EndProject
Project("{9A19103F-16F7-4668-BE54-9A1E7A4F7556}") = "ILeilao.API", "ILeilao.API\ILeilao.API.csproj", "{DD236DEF-5824-4108-B7C0-9D6EF5A67771}"
EndProject
Project("{9A19103F-16F7-4668-BE54-9A1E7A4F7556}") = "ILeilao.Business", "ILeilao.Business\ILeilao.Business.csproj", "{AF2E8C2E-B6D9-44AD-B5BE-1D4890E47761}"
EndProject
Project("{9A19103F-16F7-4668-BE54-9A1E7A4F7556}") = "ILeilao.Domain", "ILeilao.Domain\ILeilao.Domain.csproj", "{619C7A6B-8726-4D3A-88A5-9F9FA83E8A05}"
EndProject
Project("{2150E333-8FDC-42A3-9474-1A3956D46DE8}") = "Commons", "Commons", "{538AC069-846B-4DE1-9EDD-6F744DE26923}"
EndProject
Project("{9A19103F-16F7-4668-BE54-9A1E7A4F7556}") = "ILeilao.CrossCutting", "ILeilao.CrossCutting\ILeilao.CrossCutting.csproj", "{FED9F5AD-D062-4C74-BEF1-18F39BCA6B7F}"
EndProject
Project("{FAE04EC0-301F-11D3-BF4B-00C04F79EFBC}") = "ILeilao.Repository", "ILeilao.Repository\ILeilao.Repository.csproj", "{45932056-5145-469F-8823-8C41C38E7DDA}"
EndProject
Project("{FAE04EC0-301F-11D3-BF4B-00C04F79EFBC}") = "ILeilao.Service", "ILeilao.Service\ILeilao.Service.csproj", "{093BE54E-1C19-4516-BDCE-5E984BE988A8}"
EndProject
Global
	GlobalSection(SolutionConfigurationPlatforms) = preSolution
		Debug|Any CPU = Debug|Any CPU
		Release|Any CPU = Release|Any CPU
	EndGlobalSection
	GlobalSection(ProjectConfigurationPlatforms) = postSolution
		{DD236DEF-5824-4108-B7C0-9D6EF5A67771}.Debug|Any CPU.ActiveCfg = Debug|Any CPU
		{DD236DEF-5824-4108-B7C0-9D6EF5A67771}.Debug|Any CPU.Build.0 = Debug|Any CPU
		{DD236DEF-5824-4108-B7C0-9D6EF5A67771}.Release|Any CPU.ActiveCfg = Release|Any CPU
		{DD236DEF-5824-4108-B7C0-9D6EF5A67771}.Release|Any CPU.Build.0 = Release|Any CPU
		{AF2E8C2E-B6D9-44AD-B5BE-1D4890E47761}.Debug|Any CPU.ActiveCfg = Debug|Any CPU
		{AF2E8C2E-B6D9-44AD-B5BE-1D4890E47761}.Debug|Any CPU.Build.0 = Debug|Any CPU
		{AF2E8C2E-B6D9-44AD-B5BE-1D4890E47761}.Release|Any CPU.ActiveCfg = Release|Any CPU
		{AF2E8C2E-B6D9-44AD-B5BE-1D4890E47761}.Release|Any CPU.Build.0 = Release|Any CPU
		{619C7A6B-8726-4D3A-88A5-9F9FA83E8A05}.Debug|Any CPU.ActiveCfg = Debug|Any CPU
		{619C7A6B-8726-4D3A-88A5-9F9FA83E8A05}.Debug|Any CPU.Build.0 = Debug|Any CPU
		{619C7A6B-8726-4D3A-88A5-9F9FA83E8A05}.Release|Any CPU.ActiveCfg = Release|Any CPU
		{619C7A6B-8726-4D3A-88A5-9F9FA83E8A05}.Release|Any CPU.Build.0 = Release|Any CPU
		{FED9F5AD-D062-4C74-BEF1-18F39BCA6B7F}.Debug|Any CPU.ActiveCfg = Debug|Any CPU
		{FED9F5AD-D062-4C74-BEF1-18F39BCA6B7F}.Debug|Any CPU.Build.0 = Debug|Any CPU
		{FED9F5AD-D062-4C74-BEF1-18F39BCA6B7F}.Release|Any CPU.ActiveCfg = Release|Any CPU
		{FED9F5AD-D062-4C74-BEF1-18F39BCA6B7F}.Release|Any CPU.Build.0 = Release|Any CPU
		{45932056-5145-469F-8823-8C41C38E7DDA}.Debug|Any CPU.ActiveCfg = Debug|Any CPU
		{45932056-5145-469F-8823-8C41C38E7DDA}.Debug|Any CPU.Build.0 = Debug|Any CPU
		{45932056-5145-469F-8823-8C41C38E7DDA}.Release|Any CPU.ActiveCfg = Release|Any CPU
		{45932056-5145-469F-8823-8C41C38E7DDA}.Release|Any CPU.Build.0 = Release|Any CPU
		{093BE54E-1C19-4516-BDCE-5E984BE988A8}.Debug|Any CPU.ActiveCfg = Debug|Any CPU
		{093BE54E-1C19-4516-BDCE-5E984BE988A8}.Debug|Any CPU.Build.0 = Debug|Any CPU
		{093BE54E-1C19-4516-BDCE-5E984BE988A8}.Release|Any CPU.ActiveCfg = Release|Any CPU
		{093BE54E-1C19-4516-BDCE-5E984BE988A8}.Release|Any CPU.Build.0 = Release|Any CPU
	EndGlobalSection
	GlobalSection(SolutionProperties) = preSolution
		HideSolutionNode = FALSE
	EndGlobalSection
	GlobalSection(NestedProjects) = preSolution
		{DD236DEF-5824-4108-B7C0-9D6EF5A67771} = {613C719E-ED41-4D15-91DE-96125F525F45}
		{AF2E8C2E-B6D9-44AD-B5BE-1D4890E47761} = {69F204AC-B836-43F8-B4C0-15F6B13FDA53}
		{619C7A6B-8726-4D3A-88A5-9F9FA83E8A05} = {A26E2707-80C4-4F62-ADA4-EE8EC7D558FD}
		{FED9F5AD-D062-4C74-BEF1-18F39BCA6B7F} = {538AC069-846B-4DE1-9EDD-6F744DE26923}
		{45932056-5145-469F-8823-8C41C38E7DDA} = {4D2EB68F-B1B8-4ABD-9C85-250A9B26D823}
		{093BE54E-1C19-4516-BDCE-5E984BE988A8} = {508D49D9-4F33-4036-AB3F-8EBCF00A7E93}
	EndGlobalSection
	GlobalSection(ExtensibilityGlobals) = postSolution
		SolutionGuid = {690A755E-ECB3-45FB-8419-3A555F672E53}
	EndGlobalSection
EndGlobal
