
Microsoft Visual Studio Solution File, Format Version 12.00
# Visual Studio 15
VisualStudioVersion = 15.0.28010.2016
MinimumVisualStudioVersion = 10.0.40219.1
Project("{2150E333-8FDC-42A3-9474-1A3956D46DE8}") = "API", "API", "{613C719E-ED41-4D15-91DE-96125F525F45}"
EndProject
Project("{2150E333-8FDC-42A3-9474-1A3956D46DE8}") = "Domain", "Domain", "{A26E2707-80C4-4F62-ADA4-EE8EC7D558FD}"
EndProject
Project("{2150E333-8FDC-42A3-9474-1A3956D46DE8}") = "Infrasctructure", "Infrasctructure", "{4D2EB68F-B1B8-4ABD-9C85-250A9B26D823}"
EndProject
Project("{2150E333-8FDC-42A3-9474-1A3956D46DE8}") = "Service", "Service", "{508D49D9-4F33-4036-AB3F-8EBCF00A7E93}"
EndProject
Project("{2150E333-8FDC-42A3-9474-1A3956D46DE8}") = "Business", "Business", "{69F204AC-B836-43F8-B4C0-15F6B13FDA53}"
EndProject
Project("{2150E333-8FDC-42A3-9474-1A3956D46DE8}") = "Commons", "Commons", "{538AC069-846B-4DE1-9EDD-6F744DE26923}"
EndProject
Project("{9A19103F-16F7-4668-BE54-9A1E7A4F7556}") = "ILeilao.Repository", "ILeilao.Repository\ILeilao.Repository.csproj", "{45932056-5145-469F-8823-8C41C38E7DDA}"
EndProject
Project("{9A19103F-16F7-4668-BE54-9A1E7A4F7556}") = "ILeilao.Service", "ILeilao.Service\ILeilao.Service.csproj", "{093BE54E-1C19-4516-BDCE-5E984BE988A8}"
EndProject
Project("{FAE04EC0-301F-11D3-BF4B-00C04F79EFBC}") = "ILeilao.API", "ILeilao.API\ILeilao.API.csproj", "{629A11E5-D256-40D4-AF28-C5DBA052FE07}"
EndProject
Project("{FAE04EC0-301F-11D3-BF4B-00C04F79EFBC}") = "ILeilao.Business", "ILeilao.Business\ILeilao.Business.csproj", "{CA61B026-B395-4EFA-A87F-8C86BD32D161}"
EndProject
Project("{FAE04EC0-301F-11D3-BF4B-00C04F79EFBC}") = "ILeilao.Kernel", "ILeilao.Kernel\ILeilao.Kernel.csproj", "{2E508D1D-60BA-44BC-974B-16779FE0D645}"
EndProject
Project("{FAE04EC0-301F-11D3-BF4B-00C04F79EFBC}") = "ILeilao.CrossCutting", "ILeilao.CrossCutting\ILeilao.CrossCutting.csproj", "{FFE196D0-C4DB-48E1-88D2-B5D9E877EB35}"
EndProject
Project("{FAE04EC0-301F-11D3-BF4B-00C04F79EFBC}") = "ILeilao.Domain", "ILeilao.Domain\ILeilao.Domain.csproj", "{926B9FE4-97A3-45C6-9900-0B8BA95324D2}"
EndProject
Global
	GlobalSection(SolutionConfigurationPlatforms) = preSolution
		Debug|Any CPU = Debug|Any CPU
		Release|Any CPU = Release|Any CPU
	EndGlobalSection
	GlobalSection(ProjectConfigurationPlatforms) = postSolution
		{45932056-5145-469F-8823-8C41C38E7DDA}.Debug|Any CPU.ActiveCfg = Debug|Any CPU
		{45932056-5145-469F-8823-8C41C38E7DDA}.Debug|Any CPU.Build.0 = Debug|Any CPU
		{45932056-5145-469F-8823-8C41C38E7DDA}.Release|Any CPU.ActiveCfg = Release|Any CPU
		{45932056-5145-469F-8823-8C41C38E7DDA}.Release|Any CPU.Build.0 = Release|Any CPU
		{093BE54E-1C19-4516-BDCE-5E984BE988A8}.Debug|Any CPU.ActiveCfg = Debug|Any CPU
		{093BE54E-1C19-4516-BDCE-5E984BE988A8}.Debug|Any CPU.Build.0 = Debug|Any CPU
		{093BE54E-1C19-4516-BDCE-5E984BE988A8}.Release|Any CPU.ActiveCfg = Release|Any CPU
		{093BE54E-1C19-4516-BDCE-5E984BE988A8}.Release|Any CPU.Build.0 = Release|Any CPU
		{629A11E5-D256-40D4-AF28-C5DBA052FE07}.Debug|Any CPU.ActiveCfg = Debug|Any CPU
		{629A11E5-D256-40D4-AF28-C5DBA052FE07}.Debug|Any CPU.Build.0 = Debug|Any CPU
		{629A11E5-D256-40D4-AF28-C5DBA052FE07}.Release|Any CPU.ActiveCfg = Release|Any CPU
		{629A11E5-D256-40D4-AF28-C5DBA052FE07}.Release|Any CPU.Build.0 = Release|Any CPU
		{CA61B026-B395-4EFA-A87F-8C86BD32D161}.Debug|Any CPU.ActiveCfg = Debug|Any CPU
		{CA61B026-B395-4EFA-A87F-8C86BD32D161}.Debug|Any CPU.Build.0 = Debug|Any CPU
		{CA61B026-B395-4EFA-A87F-8C86BD32D161}.Release|Any CPU.ActiveCfg = Release|Any CPU
		{CA61B026-B395-4EFA-A87F-8C86BD32D161}.Release|Any CPU.Build.0 = Release|Any CPU
		{2E508D1D-60BA-44BC-974B-16779FE0D645}.Debug|Any CPU.ActiveCfg = Debug|Any CPU
		{2E508D1D-60BA-44BC-974B-16779FE0D645}.Debug|Any CPU.Build.0 = Debug|Any CPU
		{2E508D1D-60BA-44BC-974B-16779FE0D645}.Release|Any CPU.ActiveCfg = Release|Any CPU
		{2E508D1D-60BA-44BC-974B-16779FE0D645}.Release|Any CPU.Build.0 = Release|Any CPU
		{FFE196D0-C4DB-48E1-88D2-B5D9E877EB35}.Debug|Any CPU.ActiveCfg = Debug|Any CPU
		{FFE196D0-C4DB-48E1-88D2-B5D9E877EB35}.Debug|Any CPU.Build.0 = Debug|Any CPU
		{FFE196D0-C4DB-48E1-88D2-B5D9E877EB35}.Release|Any CPU.ActiveCfg = Release|Any CPU
		{FFE196D0-C4DB-48E1-88D2-B5D9E877EB35}.Release|Any CPU.Build.0 = Release|Any CPU
		{926B9FE4-97A3-45C6-9900-0B8BA95324D2}.Debug|Any CPU.ActiveCfg = Debug|Any CPU
		{926B9FE4-97A3-45C6-9900-0B8BA95324D2}.Debug|Any CPU.Build.0 = Debug|Any CPU
		{926B9FE4-97A3-45C6-9900-0B8BA95324D2}.Release|Any CPU.ActiveCfg = Release|Any CPU
		{926B9FE4-97A3-45C6-9900-0B8BA95324D2}.Release|Any CPU.Build.0 = Release|Any CPU
	EndGlobalSection
	GlobalSection(SolutionProperties) = preSolution
		HideSolutionNode = FALSE
	EndGlobalSection
	GlobalSection(NestedProjects) = preSolution
		{45932056-5145-469F-8823-8C41C38E7DDA} = {4D2EB68F-B1B8-4ABD-9C85-250A9B26D823}
		{093BE54E-1C19-4516-BDCE-5E984BE988A8} = {508D49D9-4F33-4036-AB3F-8EBCF00A7E93}
		{629A11E5-D256-40D4-AF28-C5DBA052FE07} = {613C719E-ED41-4D15-91DE-96125F525F45}
		{CA61B026-B395-4EFA-A87F-8C86BD32D161} = {69F204AC-B836-43F8-B4C0-15F6B13FDA53}
		{2E508D1D-60BA-44BC-974B-16779FE0D645} = {538AC069-846B-4DE1-9EDD-6F744DE26923}
		{FFE196D0-C4DB-48E1-88D2-B5D9E877EB35} = {538AC069-846B-4DE1-9EDD-6F744DE26923}
		{926B9FE4-97A3-45C6-9900-0B8BA95324D2} = {A26E2707-80C4-4F62-ADA4-EE8EC7D558FD}
	EndGlobalSection
	GlobalSection(ExtensibilityGlobals) = postSolution
		SolutionGuid = {690A755E-ECB3-45FB-8419-3A555F672E53}
	EndGlobalSection
EndGlobal
